// !$*UTF8*$!
{
	archiveVersion = 1;
	classes = {
	};
	objectVersion = 46;
	objects = {

/* Begin PBXBuildFile section */
		662AE09B1A561EFD00491E3D /* main.m in Sources */ = {isa = PBXBuildFile; fileRef = 662AE09A1A561EFD00491E3D /* main.m */; };
		662AE09E1A561EFD00491E3D /* AppDelegate.m in Sources */ = {isa = PBXBuildFile; fileRef = 662AE09D1A561EFD00491E3D /* AppDelegate.m */; };
		662AE0A11A561EFD00491E3D /* ViewController.m in Sources */ = {isa = PBXBuildFile; fileRef = 662AE0A01A561EFD00491E3D /* ViewController.m */; };
		662AE0A41A561EFD00491E3D /* Main.storyboard in Resources */ = {isa = PBXBuildFile; fileRef = 662AE0A21A561EFD00491E3D /* Main.storyboard */; };
		662AE0A61A561EFD00491E3D /* Images.xcassets in Resources */ = {isa = PBXBuildFile; fileRef = 662AE0A51A561EFD00491E3D /* Images.xcassets */; };
		662AE0A91A561EFD00491E3D /* LaunchScreen.xib in Resources */ = {isa = PBXBuildFile; fileRef = 662AE0A71A561EFD00491E3D /* LaunchScreen.xib */; };
		662AE0B51A561EFD00491E3D /* JaguarTests.m in Sources */ = {isa = PBXBuildFile; fileRef = 662AE0B41A561EFD00491E3D /* JaguarTests.m */; };
		66616B791A56480100593B0E /* Todo.m in Sources */ = {isa = PBXBuildFile; fileRef = 66616B781A56480100593B0E /* Todo.m */; };
		66616B7D1A56492F00593B0E /* MovingTodo.m in Sources */ = {isa = PBXBuildFile; fileRef = 66616B7C1A56492F00593B0E /* MovingTodo.m */; };
		66616B811A564C4700593B0E /* StaticTodo.m in Sources */ = {isa = PBXBuildFile; fileRef = 66616B801A564C4700593B0E /* StaticTodo.m */; };
/* End PBXBuildFile section */

/* Begin PBXContainerItemProxy section */
		662AE0AF1A561EFD00491E3D /* PBXContainerItemProxy */ = {
			isa = PBXContainerItemProxy;
			containerPortal = 662AE08D1A561EFD00491E3D /* Project object */;
			proxyType = 1;
			remoteGlobalIDString = 662AE0941A561EFD00491E3D;
			remoteInfo = Jaguar;
		};
/* End PBXContainerItemProxy section */

/* Begin PBXFileReference section */
		662AE0951A561EFD00491E3D /* Jaguar.app */ = {isa = PBXFileReference; explicitFileType = wrapper.application; includeInIndex = 0; path = Jaguar.app; sourceTree = BUILT_PRODUCTS_DIR; };
		662AE0991A561EFD00491E3D /* Info.plist */ = {isa = PBXFileReference; lastKnownFileType = text.plist.xml; path = Info.plist; sourceTree = "<group>"; };
		662AE09A1A561EFD00491E3D /* main.m */ = {isa = PBXFileReference; lastKnownFileType = sourcecode.c.objc; path = main.m; sourceTree = "<group>"; };
		662AE09C1A561EFD00491E3D /* AppDelegate.h */ = {isa = PBXFileReference; lastKnownFileType = sourcecode.c.h; path = AppDelegate.h; sourceTree = "<group>"; };
		662AE09D1A561EFD00491E3D /* AppDelegate.m */ = {isa = PBXFileReference; lastKnownFileType = sourcecode.c.objc; path = AppDelegate.m; sourceTree = "<group>"; };
		662AE09F1A561EFD00491E3D /* ViewController.h */ = {isa = PBXFileReference; lastKnownFileType = sourcecode.c.h; path = ViewController.h; sourceTree = "<group>"; };
		662AE0A01A561EFD00491E3D /* ViewController.m */ = {isa = PBXFileReference; lastKnownFileType = sourcecode.c.objc; path = ViewController.m; sourceTree = "<group>"; };
		662AE0A31A561EFD00491E3D /* Base */ = {isa = PBXFileReference; lastKnownFileType = file.storyboard; name = Base; path = Base.lproj/Main.storyboard; sourceTree = "<group>"; };
		662AE0A51A561EFD00491E3D /* Images.xcassets */ = {isa = PBXFileReference; lastKnownFileType = folder.assetcatalog; path = Images.xcassets; sourceTree = "<group>"; };
		662AE0A81A561EFD00491E3D /* Base */ = {isa = PBXFileReference; lastKnownFileType = file.xib; name = Base; path = Base.lproj/LaunchScreen.xib; sourceTree = "<group>"; };
		662AE0AE1A561EFD00491E3D /* JaguarTests.xctest */ = {isa = PBXFileReference; explicitFileType = wrapper.cfbundle; includeInIndex = 0; path = JaguarTests.xctest; sourceTree = BUILT_PRODUCTS_DIR; };
		662AE0B31A561EFD00491E3D /* Info.plist */ = {isa = PBXFileReference; lastKnownFileType = text.plist.xml; path = Info.plist; sourceTree = "<group>"; };
		662AE0B41A561EFD00491E3D /* JaguarTests.m */ = {isa = PBXFileReference; lastKnownFileType = sourcecode.c.objc; path = JaguarTests.m; sourceTree = "<group>"; };
		66616B771A56480100593B0E /* Todo.h */ = {isa = PBXFileReference; fileEncoding = 4; lastKnownFileType = sourcecode.c.h; path = Todo.h; sourceTree = "<group>"; };
		66616B781A56480100593B0E /* Todo.m */ = {isa = PBXFileReference; fileEncoding = 4; lastKnownFileType = sourcecode.c.objc; path = Todo.m; sourceTree = "<group>"; };
		66616B7B1A56492F00593B0E /* MovingTodo.h */ = {isa = PBXFileReference; fileEncoding = 4; lastKnownFileType = sourcecode.c.h; path = MovingTodo.h; sourceTree = "<group>"; };
		66616B7C1A56492F00593B0E /* MovingTodo.m */ = {isa = PBXFileReference; fileEncoding = 4; lastKnownFileType = sourcecode.c.objc; path = MovingTodo.m; sourceTree = "<group>"; };
		66616B7F1A564C4700593B0E /* StaticTodo.h */ = {isa = PBXFileReference; fileEncoding = 4; lastKnownFileType = sourcecode.c.h; path = StaticTodo.h; sourceTree = "<group>"; };
		66616B801A564C4700593B0E /* StaticTodo.m */ = {isa = PBXFileReference; fileEncoding = 4; lastKnownFileType = sourcecode.c.objc; path = StaticTodo.m; sourceTree = "<group>"; };
/* End PBXFileReference section */

/* Begin PBXFrameworksBuildPhase section */
		662AE0921A561EFD00491E3D /* Frameworks */ = {
			isa = PBXFrameworksBuildPhase;
			buildActionMask = 2147483647;
			files = (
			);
			runOnlyForDeploymentPostprocessing = 0;
		};
		662AE0AB1A561EFD00491E3D /* Frameworks */ = {
			isa = PBXFrameworksBuildPhase;
			buildActionMask = 2147483647;
			files = (
			);
			runOnlyForDeploymentPostprocessing = 0;
		};
/* End PBXFrameworksBuildPhase section */

/* Begin PBXGroup section */
		662AE08C1A561EFD00491E3D = {
			isa = PBXGroup;
			children = (
				662AE0971A561EFD00491E3D /* Jaguar */,
				662AE0B11A561EFD00491E3D /* JaguarTests */,
				662AE0961A561EFD00491E3D /* Products */,
			);
			sourceTree = "<group>";
		};
		662AE0961A561EFD00491E3D /* Products */ = {
			isa = PBXGroup;
			children = (
				662AE0951A561EFD00491E3D /* Jaguar.app */,
				662AE0AE1A561EFD00491E3D /* JaguarTests.xctest */,
			);
			name = Products;
			sourceTree = "<group>";
		};
		662AE0971A561EFD00491E3D /* Jaguar */ = {
			isa = PBXGroup;
			children = (
				662AE09C1A561EFD00491E3D /* AppDelegate.h */,
				662AE09D1A561EFD00491E3D /* AppDelegate.m */,
				662AE09F1A561EFD00491E3D /* ViewController.h */,
				662AE0A01A561EFD00491E3D /* ViewController.m */,
				66616B7A1A56480400593B0E /* Models */,
				662AE0A21A561EFD00491E3D /* Main.storyboard */,
				662AE0A51A561EFD00491E3D /* Images.xcassets */,
				662AE0A71A561EFD00491E3D /* LaunchScreen.xib */,
				662AE0981A561EFD00491E3D /* Supporting Files */,
			);
			path = Jaguar;
			sourceTree = "<group>";
		};
		662AE0981A561EFD00491E3D /* Supporting Files */ = {
			isa = PBXGroup;
			children = (
				662AE0991A561EFD00491E3D /* Info.plist */,
				662AE09A1A561EFD00491E3D /* main.m */,
			);
			name = "Supporting Files";
			sourceTree = "<group>";
		};
		662AE0B11A561EFD00491E3D /* JaguarTests */ = {
			isa = PBXGroup;
			children = (
				662AE0B41A561EFD00491E3D /* JaguarTests.m */,
				662AE0B21A561EFD00491E3D /* Supporting Files */,
			);
			path = JaguarTests;
			sourceTree = "<group>";
		};
		662AE0B21A561EFD00491E3D /* Supporting Files */ = {
			isa = PBXGroup;
			children = (
				662AE0B31A561EFD00491E3D /* Info.plist */,
			);
			name = "Supporting Files";
			sourceTree = "<group>";
		};
		66616B7A1A56480400593B0E /* Models */ = {
			isa = PBXGroup;
			children = (
				66616B771A56480100593B0E /* Todo.h */,
				66616B781A56480100593B0E /* Todo.m */,
				66616B7B1A56492F00593B0E /* MovingTodo.h */,
				66616B7C1A56492F00593B0E /* MovingTodo.m */,
				66616B7F1A564C4700593B0E /* StaticTodo.h */,
				66616B801A564C4700593B0E /* StaticTodo.m */,
			);
			name = Models;
			sourceTree = "<group>";
		};
/* End PBXGroup section */

/* Begin PBXNativeTarget section */
		662AE0941A561EFD00491E3D /* Jaguar */ = {
			isa = PBXNativeTarget;
			buildConfigurationList = 662AE0B81A561EFD00491E3D /* Build configuration list for PBXNativeTarget "Jaguar" */;
			buildPhases = (
				662AE0911A561EFD00491E3D /* Sources */,
				662AE0921A561EFD00491E3D /* Frameworks */,
				662AE0931A561EFD00491E3D /* Resources */,
				66616B7E1A564AE700593B0E /* ShellScript */,
			);
			buildRules = (
			);
			dependencies = (
			);
			name = Jaguar;
			productName = Jaguar;
			productReference = 662AE0951A561EFD00491E3D /* Jaguar.app */;
			productType = "com.apple.product-type.application";
		};
		662AE0AD1A561EFD00491E3D /* JaguarTests */ = {
			isa = PBXNativeTarget;
			buildConfigurationList = 662AE0BB1A561EFD00491E3D /* Build configuration list for PBXNativeTarget "JaguarTests" */;
			buildPhases = (
				662AE0AA1A561EFD00491E3D /* Sources */,
				662AE0AB1A561EFD00491E3D /* Frameworks */,
				662AE0AC1A561EFD00491E3D /* Resources */,
			);
			buildRules = (
			);
			dependencies = (
				662AE0B01A561EFD00491E3D /* PBXTargetDependency */,
			);
			name = JaguarTests;
			productName = JaguarTests;
			productReference = 662AE0AE1A561EFD00491E3D /* JaguarTests.xctest */;
			productType = "com.apple.product-type.bundle.unit-test";
		};
/* End PBXNativeTarget section */

/* Begin PBXProject section */
		662AE08D1A561EFD00491E3D /* Project object */ = {
			isa = PBXProject;
			attributes = {
				LastUpgradeCheck = 0610;
				ORGANIZATIONNAME = "Rebel Cookie";
				TargetAttributes = {
					662AE0941A561EFD00491E3D = {
						CreatedOnToolsVersion = 6.1.1;
					};
					662AE0AD1A561EFD00491E3D = {
						CreatedOnToolsVersion = 6.1.1;
						TestTargetID = 662AE0941A561EFD00491E3D;
					};
				};
			};
			buildConfigurationList = 662AE0901A561EFD00491E3D /* Build configuration list for PBXProject "Jaguar" */;
			compatibilityVersion = "Xcode 3.2";
			developmentRegion = English;
			hasScannedForEncodings = 0;
			knownRegions = (
				en,
				Base,
			);
			mainGroup = 662AE08C1A561EFD00491E3D;
			productRefGroup = 662AE0961A561EFD00491E3D /* Products */;
			projectDirPath = "";
			projectRoot = "";
			targets = (
				662AE0941A561EFD00491E3D /* Jaguar */,
				662AE0AD1A561EFD00491E3D /* JaguarTests */,
			);
		};
/* End PBXProject section */

/* Begin PBXResourcesBuildPhase section */
		662AE0931A561EFD00491E3D /* Resources */ = {
			isa = PBXResourcesBuildPhase;
			buildActionMask = 2147483647;
			files = (
				662AE0A41A561EFD00491E3D /* Main.storyboard in Resources */,
				662AE0A91A561EFD00491E3D /* LaunchScreen.xib in Resources */,
				662AE0A61A561EFD00491E3D /* Images.xcassets in Resources */,
			);
			runOnlyForDeploymentPostprocessing = 0;
		};
		662AE0AC1A561EFD00491E3D /* Resources */ = {
			isa = PBXResourcesBuildPhase;
			buildActionMask = 2147483647;
			files = (
			);
			runOnlyForDeploymentPostprocessing = 0;
		};
/* End PBXResourcesBuildPhase section */

/* Begin PBXShellScriptBuildPhase section */
		66616B7E1A564AE700593B0E /* ShellScript */ = {
			isa = PBXShellScriptBuildPhase;
			buildActionMask = 2147483647;
			files = (
			);
			inputPaths = (
			);
			outputPaths = (
			);
			runOnlyForDeploymentPostprocessing = 0;
			shellPath = /bin/sh;
			shellScript = "#!/bin/bash\nbuildNumber=$(/usr/libexec/PlistBuddy -c \"Print CFBundleVersion\" \"$INFOPLIST_FILE\")\nbuildNumber=$(($buildNumber + 1))\n/usr/libexec/PlistBuddy -c \"Set :CFBundleVersion $buildNumber\" \"$INFOPLIST_FILE\"";
		};
/* End PBXShellScriptBuildPhase section */

/* Begin PBXSourcesBuildPhase section */
		662AE0911A561EFD00491E3D /* Sources */ = {
			isa = PBXSourcesBuildPhase;
			buildActionMask = 2147483647;
			files = (
				662AE0A11A561EFD00491E3D /* ViewController.m in Sources */,
				662AE09E1A561EFD00491E3D /* AppDelegate.m in Sources */,
				662AE09B1A561EFD00491E3D /* main.m in Sources */,
				66616B811A564C4700593B0E /* StaticTodo.m in Sources */,
				66616B791A56480100593B0E /* Todo.m in Sources */,
				66616B7D1A56492F00593B0E /* MovingTodo.m in Sources */,
			);
			runOnlyForDeploymentPostprocessing = 0;
		};
		662AE0AA1A561EFD00491E3D /* Sources */ = {
			isa = PBXSourcesBuildPhase;
			buildActionMask = 2147483647;
			files = (
				662AE0B51A561EFD00491E3D /* JaguarTests.m in Sources */,
			);
			runOnlyForDeploymentPostprocessing = 0;
		};
/* End PBXSourcesBuildPhase section */

/* Begin PBXTargetDependency section */
		662AE0B01A561EFD00491E3D /* PBXTargetDependency */ = {
			isa = PBXTargetDependency;
			target = 662AE0941A561EFD00491E3D /* Jaguar */;
			targetProxy = 662AE0AF1A561EFD00491E3D /* PBXContainerItemProxy */;
		};
/* End PBXTargetDependency section */

/* Begin PBXVariantGroup section */
		662AE0A21A561EFD00491E3D /* Main.storyboard */ = {
			isa = PBXVariantGroup;
			children = (
				662AE0A31A561EFD00491E3D /* Base */,
			);
			name = Main.storyboard;
			sourceTree = "<group>";
		};
		662AE0A71A561EFD00491E3D /* LaunchScreen.xib */ = {
			isa = PBXVariantGroup;
			children = (
				662AE0A81A561EFD00491E3D /* Base */,
			);
			name = LaunchScreen.xib;
			sourceTree = "<group>";
		};
/* End PBXVariantGroup section */

/* Begin XCBuildConfiguration section */
		662AE0B61A561EFD00491E3D /* Debug */ = {
			isa = XCBuildConfiguration;
			buildSettings = {
				ALWAYS_SEARCH_USER_PATHS = NO;
				CLANG_CXX_LANGUAGE_STANDARD = "gnu++0x";
				CLANG_CXX_LIBRARY = "libc++";
				CLANG_ENABLE_MODULES = YES;
				CLANG_ENABLE_OBJC_ARC = YES;
				CLANG_WARN_BOOL_CONVERSION = YES;
				CLANG_WARN_CONSTANT_CONVERSION = YES;
				CLANG_WARN_DIRECT_OBJC_ISA_USAGE = YES_ERROR;
				CLANG_WARN_EMPTY_BODY = YES;
				CLANG_WARN_ENUM_CONVERSION = YES;
				CLANG_WARN_INT_CONVERSION = YES;
				CLANG_WARN_OBJC_ROOT_CLASS = YES_ERROR;
				CLANG_WARN_UNREACHABLE_CODE = YES;
				CLANG_WARN__DUPLICATE_METHOD_MATCH = YES;
				"CODE_SIGN_IDENTITY[sdk=iphoneos*]" = "iPhone Developer";
				COPY_PHASE_STRIP = NO;
				ENABLE_STRICT_OBJC_MSGSEND = YES;
				GCC_C_LANGUAGE_STANDARD = gnu99;
				GCC_DYNAMIC_NO_PIC = NO;
				GCC_OPTIMIZATION_LEVEL = 0;
				GCC_PREPROCESSOR_DEFINITIONS = (
					"DEBUG=1",
					"$(inherited)",
				);
				GCC_SYMBOLS_PRIVATE_EXTERN = NO;
				GCC_WARN_64_TO_32_BIT_CONVERSION = YES;
				GCC_WARN_ABOUT_RETURN_TYPE = YES_ERROR;
				GCC_WARN_UNDECLARED_SELECTOR = YES;
				GCC_WARN_UNINITIALIZED_AUTOS = YES_AGGRESSIVE;
				GCC_WARN_UNUSED_FUNCTION = YES;
				GCC_WARN_UNUSED_VARIABLE = YES;
				IPHONEOS_DEPLOYMENT_TARGET = 8.1;
				MTL_ENABLE_DEBUG_INFO = YES;
				ONLY_ACTIVE_ARCH = YES;
				SDKROOT = iphoneos;
				TARGETED_DEVICE_FAMILY = "1,2";
			};
			name = Debug;
		};
		662AE0B71A561EFD00491E3D /* Release */ = {
			isa = XCBuildConfiguration;
			buildSettings = {
				ALWAYS_SEARCH_USER_PATHS = NO;
				CLANG_CXX_LANGUAGE_STANDARD = "gnu++0x";
				CLANG_CXX_LIBRARY = "libc++";
				CLANG_ENABLE_MODULES = YES;
				CLANG_ENABLE_OBJC_ARC = YES;
				CLANG_WARN_BOOL_CONVERSION = YES;
				CLANG_WARN_CONSTANT_CONVERSION = YES;
				CLANG_WARN_DIRECT_OBJC_ISA_USAGE = YES_ERROR;
				CLANG_WARN_EMPTY_BODY = YES;
				CLANG_WARN_ENUM_CONVERSION = YES;
				CLANG_WARN_INT_CONVERSION = YES;
				CLANG_WARN_OBJC_ROOT_CLASS = YES_ERROR;
				CLANG_WARN_UNREACHABLE_CODE = YES;
				CLANG_WARN__DUPLICATE_METHOD_MATCH = YES;
				"CODE_SIGN_IDENTITY[sdk=iphoneos*]" = "iPhone Developer";
				COPY_PHASE_STRIP = YES;
				ENABLE_NS_ASSERTIONS = NO;
				ENABLE_STRICT_OBJC_MSGSEND = YES;
				GCC_C_LANGUAGE_STANDARD = gnu99;
				GCC_WARN_64_TO_32_BIT_CONVERSION = YES;
				GCC_WARN_ABOUT_RETURN_TYPE = YES_ERROR;
				GCC_WARN_UNDECLARED_SELECTOR = YES;
				GCC_WARN_UNINITIALIZED_AUTOS = YES_AGGRESSIVE;
				GCC_WARN_UNUSED_FUNCTION = YES;
				GCC_WARN_UNUSED_VARIABLE = YES;
				IPHONEOS_DEPLOYMENT_TARGET = 8.1;
				MTL_ENABLE_DEBUG_INFO = NO;
				SDKROOT = iphoneos;
				TARGETED_DEVICE_FAMILY = "1,2";
				VALIDATE_PRODUCT = YES;
			};
			name = Release;
		};
		662AE0B91A561EFD00491E3D /* Debug */ = {
			isa = XCBuildConfiguration;
			buildSettings = {
				ASSETCATALOG_COMPILER_APPICON_NAME = AppIcon;
				INFOPLIST_FILE = Jaguar/Info.plist;
				LD_RUNPATH_SEARCH_PATHS = "$(inherited) @executable_path/Frameworks";
				PRODUCT_NAME = "$(TARGET_NAME)";
			};
			name = Debug;
		};
		662AE0BA1A561EFD00491E3D /* Release */ = {
			isa = XCBuildConfiguration;
			buildSettings = {
				ASSETCATALOG_COMPILER_APPICON_NAME = AppIcon;
				INFOPLIST_FILE = Jaguar/Info.plist;
				LD_RUNPATH_SEARCH_PATHS = "$(inherited) @executable_path/Frameworks";
				PRODUCT_NAME = "$(TARGET_NAME)";
			};
			name = Release;
		};
		662AE0BC1A561EFD00491E3D /* Debug */ = {
			isa = XCBuildConfiguration;
			buildSettings = {
				BUNDLE_LOADER = "$(TEST_HOST)";
				FRAMEWORK_SEARCH_PATHS = (
					"$(SDKROOT)/Developer/Library/Frameworks",
					"$(inherited)",
				);
				GCC_PREPROCESSOR_DEFINITIONS = (
					"DEBUG=1",
					"$(inherited)",
				);
				INFOPLIST_FILE = JaguarTests/Info.plist;
				LD_RUNPATH_SEARCH_PATHS = "$(inherited) @executable_path/Frameworks @loader_path/Frameworks";
				PRODUCT_NAME = "$(TARGET_NAME)";
				TEST_HOST = "$(BUILT_PRODUCTS_DIR)/Jaguar.app/Jaguar";
			};
			name = Debug;
		};
		662AE0BD1A561EFD00491E3D /* Release */ = {
			isa = XCBuildConfiguration;
			buildSettings = {
				BUNDLE_LOADER = "$(TEST_HOST)";
				FRAMEWORK_SEARCH_PATHS = (
					"$(SDKROOT)/Developer/Library/Frameworks",
					"$(inherited)",
				);
				INFOPLIST_FILE = JaguarTests/Info.plist;
				LD_RUNPATH_SEARCH_PATHS = "$(inherited) @executable_path/Frameworks @loader_path/Frameworks";
				PRODUCT_NAME = "$(TARGET_NAME)";
				TEST_HOST = "$(BUILT_PRODUCTS_DIR)/Jaguar.app/Jaguar";
			};
			name = Release;
		};
/* End XCBuildConfiguration section */

/* Begin XCConfigurationList section */
		662AE0901A561EFD00491E3D /* Build configuration list for PBXProject "Jaguar" */ = {
			isa = XCConfigurationList;
			buildConfigurations = (
				662AE0B61A561EFD00491E3D /* Debug */,
				662AE0B71A561EFD00491E3D /* Release */,
			);
			defaultConfigurationIsVisible = 0;
			defaultConfigurationName = Release;
		};
		662AE0B81A561EFD00491E3D /* Build configuration list for PBXNativeTarget "Jaguar" */ = {
			isa = XCConfigurationList;
			buildConfigurations = (
				662AE0B91A561EFD00491E3D /* Debug */,
				662AE0BA1A561EFD00491E3D /* Release */,
			);
			defaultConfigurationIsVisible = 0;
			defaultConfigurationName = Release;
		};
		662AE0BB1A561EFD00491E3D /* Build configuration list for PBXNativeTarget "JaguarTests" */ = {
			isa = XCConfigurationList;
			buildConfigurations = (
				662AE0BC1A561EFD00491E3D /* Debug */,
				662AE0BD1A561EFD00491E3D /* Release */,
			);
			defaultConfigurationIsVisible = 0;
			defaultConfigurationName = Release;
		};
/* End XCConfigurationList section */
	};
	rootObject = 662AE08D1A561EFD00491E3D /* Project object */;
}
